
Microsoft Visual Studio Solution File, Format Version 12.00
# Visual Studio Version 17
VisualStudioVersion = 17.0.31912.275
MinimumVisualStudioVersion = 10.0.40219.1
Project("{9A19103F-16F7-4668-BE54-9A1E7A4F7556}") = "VRCToolBox", "VRCToolBox\VRCToolBox.csproj", "{C445D8BA-2F31-4C4D-9CAC-E4ED111E5C02}"
EndProject
Project("{54435603-DBB4-11D2-8724-00A0C9A8B90C}") = "VRCToolBox_Installer", "VRCToolBox_Installer\VRCToolBox_Installer.vdproj", "{5C45BC9C-DD0C-46A4-9873-BC5CC02FCCAB}"
EndProject
Project("{E24C65DC-7377-472B-9ABA-BC803B73C61A}") = "html", "D:\Doxygen\VRCToolBox\html\", "{1B6EF42B-1A5E-4A1C-8D90-BA364008BCCF}"
	ProjectSection(WebsiteProperties) = preProject
		TargetFrameworkMoniker = ".NETFramework,Version%3Dv4.0"
		Debug.AspNetCompiler.VirtualPath = "/localhost_62273"
		Debug.AspNetCompiler.PhysicalPath = "D:\Doxygen\VRCToolBox\html\"
		Debug.AspNetCompiler.TargetPath = "PrecompiledWeb\localhost_62273\"
		Debug.AspNetCompiler.Updateable = "true"
		Debug.AspNetCompiler.ForceOverwrite = "true"
		Debug.AspNetCompiler.FixedNames = "false"
		Debug.AspNetCompiler.Debug = "True"
		Release.AspNetCompiler.VirtualPath = "/localhost_62273"
		Release.AspNetCompiler.PhysicalPath = "D:\Doxygen\VRCToolBox\html\"
		Release.AspNetCompiler.TargetPath = "PrecompiledWeb\localhost_62273\"
		Release.AspNetCompiler.Updateable = "true"
		Release.AspNetCompiler.ForceOverwrite = "true"
		Release.AspNetCompiler.FixedNames = "false"
		Release.AspNetCompiler.Debug = "False"
		VWDPort = "62273"
		SlnRelativePath = "D:\Doxygen\VRCToolBox\html\"
	EndProjectSection
EndProject
Global
	GlobalSection(SolutionConfigurationPlatforms) = preSolution
		Debug|Any CPU = Debug|Any CPU
		Debug|x64 = Debug|x64
		Release|Any CPU = Release|Any CPU
		Release|x64 = Release|x64
	EndGlobalSection
	GlobalSection(ProjectConfigurationPlatforms) = postSolution
		{C445D8BA-2F31-4C4D-9CAC-E4ED111E5C02}.Debug|Any CPU.ActiveCfg = Debug|Any CPU
		{C445D8BA-2F31-4C4D-9CAC-E4ED111E5C02}.Debug|Any CPU.Build.0 = Debug|Any CPU
		{C445D8BA-2F31-4C4D-9CAC-E4ED111E5C02}.Debug|x64.ActiveCfg = Debug|x64
		{C445D8BA-2F31-4C4D-9CAC-E4ED111E5C02}.Debug|x64.Build.0 = Debug|x64
		{C445D8BA-2F31-4C4D-9CAC-E4ED111E5C02}.Release|Any CPU.ActiveCfg = Release|Any CPU
		{C445D8BA-2F31-4C4D-9CAC-E4ED111E5C02}.Release|Any CPU.Build.0 = Release|Any CPU
		{C445D8BA-2F31-4C4D-9CAC-E4ED111E5C02}.Release|x64.ActiveCfg = Release|x64
		{C445D8BA-2F31-4C4D-9CAC-E4ED111E5C02}.Release|x64.Build.0 = Release|x64
		{5C45BC9C-DD0C-46A4-9873-BC5CC02FCCAB}.Debug|Any CPU.ActiveCfg = Debug
		{5C45BC9C-DD0C-46A4-9873-BC5CC02FCCAB}.Debug|x64.ActiveCfg = Release
		{5C45BC9C-DD0C-46A4-9873-BC5CC02FCCAB}.Release|Any CPU.ActiveCfg = Release
		{5C45BC9C-DD0C-46A4-9873-BC5CC02FCCAB}.Release|x64.ActiveCfg = Release
		{5C45BC9C-DD0C-46A4-9873-BC5CC02FCCAB}.Release|x64.Build.0 = Release
		{1B6EF42B-1A5E-4A1C-8D90-BA364008BCCF}.Debug|Any CPU.ActiveCfg = Debug|Any CPU
		{1B6EF42B-1A5E-4A1C-8D90-BA364008BCCF}.Debug|Any CPU.Build.0 = Debug|Any CPU
		{1B6EF42B-1A5E-4A1C-8D90-BA364008BCCF}.Debug|x64.ActiveCfg = Debug|Any CPU
		{1B6EF42B-1A5E-4A1C-8D90-BA364008BCCF}.Debug|x64.Build.0 = Debug|Any CPU
		{1B6EF42B-1A5E-4A1C-8D90-BA364008BCCF}.Release|Any CPU.ActiveCfg = Debug|Any CPU
		{1B6EF42B-1A5E-4A1C-8D90-BA364008BCCF}.Release|Any CPU.Build.0 = Debug|Any CPU
		{1B6EF42B-1A5E-4A1C-8D90-BA364008BCCF}.Release|x64.ActiveCfg = Debug|Any CPU
		{1B6EF42B-1A5E-4A1C-8D90-BA364008BCCF}.Release|x64.Build.0 = Debug|Any CPU
	EndGlobalSection
	GlobalSection(SolutionProperties) = preSolution
		HideSolutionNode = FALSE
	EndGlobalSection
	GlobalSection(ExtensibilityGlobals) = postSolution
		SolutionGuid = {5E9E484C-E6C4-4C2A-807B-2D3C04E0F6D8}
	EndGlobalSection
EndGlobal
